
Microsoft Visual Studio Solution File, Format Version 12.00
# Visual Studio Version 17
VisualStudioVersion = 17.14.36414.22
MinimumVisualStudioVersion = 10.0.40219.1
Project("{FAE04EC0-301F-11D3-BF4B-00C04F79EFBC}") = "BooKKer", "BooKKer\BooKKer.csproj", "{EBE697AC-0E58-4290-B2C7-994CA1492F8B}"
EndProject
Global
	GlobalSection(SolutionConfigurationPlatforms) = preSolution
		Debug|Any CPU = Debug|Any CPU
		Release|Any CPU = Release|Any CPU
	EndGlobalSection
	GlobalSection(ProjectConfigurationPlatforms) = postSolution
		{EBE697AC-0E58-4290-B2C7-994CA1492F8B}.Debug|Any CPU.ActiveCfg = Debug|Any CPU
		{EBE697AC-0E58-4290-B2C7-994CA1492F8B}.Debug|Any CPU.Build.0 = Debug|Any CPU
		{EBE697AC-0E58-4290-B2C7-994CA1492F8B}.Release|Any CPU.ActiveCfg = Release|Any CPU
		{EBE697AC-0E58-4290-B2C7-994CA1492F8B}.Release|Any CPU.Build.0 = Release|Any CPU
	EndGlobalSection
	GlobalSection(SolutionProperties) = preSolution
		HideSolutionNode = FALSE
	EndGlobalSection
	GlobalSection(ExtensibilityGlobals) = postSolution
		SolutionGuid = {F0684355-321A-41B8-8BF4-E40859A90772}
	EndGlobalSection
EndGlobal
